{
  "version": "4",
  "specifiers": {
    "jsr:@philc/shoulda@2": "2.0.0",
    "jsr:@std/fs@*": "1.0.19",
    "jsr:@std/internal@^1.0.10": "1.0.10",
    "jsr:@std/internal@^1.0.9": "1.0.10",
    "jsr:@std/path@^1.1.1": "1.1.2",
    "jsr:@std/path@^1.1.2": "1.1.2"
  },
  "jsr": {
    "@philc/shoulda@2.0.0": {
      "integrity": "2bc8b2eb9e5dee41fcd77760b009d3b3527980edf5b29cbf9f25443489a5faa9"
    },
    "@std/fs@1.0.19": {
      "integrity": "051968c2b1eae4d2ea9f79a08a3845740ef6af10356aff43d3e2ef11ed09fb06",
      "dependencies": [
        "jsr:@std/internal@^1.0.9",
        "jsr:@std/path@^1.1.1"
      ]
    },
    "@std/internal@1.0.10": {
      "integrity": "e3be62ce42cab0e177c27698e5d9800122f67b766a0bea6ca4867886cbde8cf7"
    },
    "@std/path@1.1.2": {
      "integrity": "c0b13b97dfe06546d5e16bf3966b1cadf92e1cc83e56ba5476ad8b498d9e3038",
      "dependencies": [
        "jsr:@std/internal@^1.0.10"
      ]
    }
  },
  "workspace": {
    "dependencies": [
      "jsr:@philc/shoulda@2",
      "jsr:@std/fs@^1.0.18",
      "jsr:@std/path@^1.1.2"
    ]
  }
}
